
Microsoft Visual Studio Solution File, Format Version 12.00
# Visual Studio 15
VisualStudioVersion = 15.0.28010.2026
MinimumVisualStudioVersion = 10.0.40219.1
Project("{8BC9CEB8-8B4A-11D0-8D11-00A0C91BC942}") = "openterrain", "openterrain.vcxproj", "{A46D4C11-115E-4AFA-BCEB-432132F742E2}"
EndProject
Global
	GlobalSection(SolutionConfigurationPlatforms) = preSolution
		Debug|x64 = Debug|x64
		Debug|x86 = Debug|x86
		Release|x64 = Release|x64
		Release|x86 = Release|x86
	EndGlobalSection
	GlobalSection(ProjectConfigurationPlatforms) = postSolution
		{A46D4C11-115E-4AFA-BCEB-432132F742E2}.Debug|x64.ActiveCfg = Debug|x64
		{A46D4C11-115E-4AFA-BCEB-432132F742E2}.Debug|x64.Build.0 = Debug|x64
		{A46D4C11-115E-4AFA-BCEB-432132F742E2}.Debug|x86.ActiveCfg = Debug|Win32
		{A46D4C11-115E-4AFA-BCEB-432132F742E2}.Debug|x86.Build.0 = Debug|Win32
		{A46D4C11-115E-4AFA-BCEB-432132F742E2}.Release|x64.ActiveCfg = Release|x64
		{A46D4C11-115E-4AFA-BCEB-432132F742E2}.Release|x64.Build.0 = Release|x64
		{A46D4C11-115E-4AFA-BCEB-432132F742E2}.Release|x86.ActiveCfg = Release|Win32
		{A46D4C11-115E-4AFA-BCEB-432132F742E2}.Release|x86.Build.0 = Release|Win32
	EndGlobalSection
	GlobalSection(SolutionProperties) = preSolution
		HideSolutionNode = FALSE
	EndGlobalSection
	GlobalSection(ExtensibilityGlobals) = postSolution
		SolutionGuid = {59C9F9BD-2459-447D-A525-3417AC77DAE9}
	EndGlobalSection
EndGlobal
